
Microsoft Visual Studio Solution File, Format Version 12.00
# Visual Studio Version 17
VisualStudioVersion = 17.7.34024.191
MinimumVisualStudioVersion = 10.0.40219.1
Project("{FAE04EC0-301F-11D3-BF4B-00C04F79EFBC}") = "LocationConnection", "LocationConnection.csproj", "{7429B653-B7F0-4E61-912C-0921FE478C82}"
EndProject
Global
	GlobalSection(SolutionConfigurationPlatforms) = preSolution
		Debug|Any CPU = Debug|Any CPU
		Release|Any CPU = Release|Any CPU
	EndGlobalSection
	GlobalSection(ProjectConfigurationPlatforms) = postSolution
		{7429B653-B7F0-4E61-912C-0921FE478C82}.Debug|Any CPU.ActiveCfg = Debug|Any CPU
		{7429B653-B7F0-4E61-912C-0921FE478C82}.Debug|Any CPU.Build.0 = Debug|Any CPU
		{7429B653-B7F0-4E61-912C-0921FE478C82}.Debug|Any CPU.Deploy.0 = Debug|Any CPU
		{7429B653-B7F0-4E61-912C-0921FE478C82}.Release|Any CPU.ActiveCfg = Release|Any CPU
		{7429B653-B7F0-4E61-912C-0921FE478C82}.Release|Any CPU.Build.0 = Release|Any CPU
		{7429B653-B7F0-4E61-912C-0921FE478C82}.Release|Any CPU.Deploy.0 = Release|Any CPU
	EndGlobalSection
	GlobalSection(SolutionProperties) = preSolution
		HideSolutionNode = FALSE
	EndGlobalSection
	GlobalSection(ExtensibilityGlobals) = postSolution
		SolutionGuid = {3454A666-2BA6-4257-94B4-8FC1CE1A251B}
	EndGlobalSection
EndGlobal
